// !$*UTF8*$!
{
	archiveVersion = 1;
	classes = {
	};
	objectVersion = 77;
	objects = {

/* Begin PBXContainerItemProxy section */
		E913E9CC2DB4631300C4FFCA /* PBXContainerItemProxy */ = {
			isa = PBXContainerItemProxy;
			containerPortal = E913E9AD2DB4631100C4FFCA /* Project object */;
			proxyType = 1;
			remoteGlobalIDString = E913E9B42DB4631100C4FFCA;
			remoteInfo = Contest;
		};
		E913E9D62DB4631300C4FFCA /* PBXContainerItemProxy */ = {
			isa = PBXContainerItemProxy;
			containerPortal = E913E9AD2DB4631100C4FFCA /* Project object */;
			proxyType = 1;
			remoteGlobalIDString = E913E9B42DB4631100C4FFCA;
			remoteInfo = Contest;
		};
/* End PBXContainerItemProxy section */

/* Begin PBXFileReference section */
		E913E9B52DB4631100C4FFCA /* Contest.app */ = {isa = PBXFileReference; explicitFileType = wrapper.application; includeInIndex = 0; path = Contest.app; sourceTree = BUILT_PRODUCTS_DIR; };
		E913E9CB2DB4631300C4FFCA /* ContestTests.xctest */ = {isa = PBXFileReference; explicitFileType = wrapper.cfbundle; includeInIndex = 0; path = ContestTests.xctest; sourceTree = BUILT_PRODUCTS_DIR; };
		E913E9D52DB4631300C4FFCA /* ContestUITests.xctest */ = {isa = PBXFileReference; explicitFileType = wrapper.cfbundle; includeInIndex = 0; path = ContestUITests.xctest; sourceTree = BUILT_PRODUCTS_DIR; };
/* End PBXFileReference section */

/* Begin PBXFileSystemSynchronizedBuildFileExceptionSet section */
		E913E9DD2DB4631300C4FFCA /* Exceptions for "Contest" folder in "Contest" target */ = {
			isa = PBXFileSystemSynchronizedBuildFileExceptionSet;
			membershipExceptions = (
				Info.plist,
			);
			target = E913E9B42DB4631100C4FFCA /* Contest */;
		};
/* End PBXFileSystemSynchronizedBuildFileExceptionSet section */

/* Begin PBXFileSystemSynchronizedRootGroup section */
		E913E9B72DB4631100C4FFCA /* Contest */ = {
			isa = PBXFileSystemSynchronizedRootGroup;
			exceptions = (
				E913E9DD2DB4631300C4FFCA /* Exceptions for "Contest" folder in "Contest" target */,
			);
			path = Contest;
			sourceTree = "<group>";
		};
		E913E9CE2DB4631300C4FFCA /* ContestTests */ = {
			isa = PBXFileSystemSynchronizedRootGroup;
			path = ContestTests;
			sourceTree = "<group>";
		};
		E913E9D82DB4631300C4FFCA /* ContestUITests */ = {
			isa = PBXFileSystemSynchronizedRootGroup;
			path = ContestUITests;
			sourceTree = "<group>";
		};
/* End PBXFileSystemSynchronizedRootGroup section */

/* Begin PBXFrameworksBuildPhase section */
		E913E9B22DB4631100C4FFCA /* Frameworks */ = {
			isa = PBXFrameworksBuildPhase;
			buildActionMask = 2147483647;
			files = (
			);
			runOnlyForDeploymentPostprocessing = 0;
		};
		E913E9C82DB4631300C4FFCA /* Frameworks */ = {
			isa = PBXFrameworksBuildPhase;
			buildActionMask = 2147483647;
			files = (
			);
			runOnlyForDeploymentPostprocessing = 0;
		};
		E913E9D22DB4631300C4FFCA /* Frameworks */ = {
			isa = PBXFrameworksBuildPhase;
			buildActionMask = 2147483647;
			files = (
			);
			runOnlyForDeploymentPostprocessing = 0;
		};
/* End PBXFrameworksBuildPhase section */

/* Begin PBXGroup section */
		E913E9AC2DB4631100C4FFCA = {
			isa = PBXGroup;
			children = (
				E913E9B72DB4631100C4FFCA /* Contest */,
				E913E9CE2DB4631300C4FFCA /* ContestTests */,
				E913E9D82DB4631300C4FFCA /* ContestUITests */,
				E913E9B62DB4631100C4FFCA /* Products */,
			);
			sourceTree = "<group>";
		};
		E913E9B62DB4631100C4FFCA /* Products */ = {
			isa = PBXGroup;
			children = (
				E913E9B52DB4631100C4FFCA /* Contest.app */,
				E913E9CB2DB4631300C4FFCA /* ContestTests.xctest */,
				E913E9D52DB4631300C4FFCA /* ContestUITests.xctest */,
			);
			name = Products;
			sourceTree = "<group>";
		};
/* End PBXGroup section */

/* Begin PBXNativeTarget section */
		E913E9B42DB4631100C4FFCA /* Contest */ = {
			isa = PBXNativeTarget;
			buildConfigurationList = E913E9DE2DB4631300C4FFCA /* Build configuration list for PBXNativeTarget "Contest" */;
			buildPhases = (
				E913E9B12DB4631100C4FFCA /* Sources */,
				E913E9B22DB4631100C4FFCA /* Frameworks */,
				E913E9B32DB4631100C4FFCA /* Resources */,
			);
			buildRules = (
			);
			dependencies = (
			);
			fileSystemSynchronizedGroups = (
				E913E9B72DB4631100C4FFCA /* Contest */,
			);
			name = Contest;
			packageProductDependencies = (
			);
			productName = Contest;
			productReference = E913E9B52DB4631100C4FFCA /* Contest.app */;
			productType = "com.apple.product-type.application";
		};
		E913E9CA2DB4631300C4FFCA /* ContestTests */ = {
			isa = PBXNativeTarget;
			buildConfigurationList = E913E9E32DB4631300C4FFCA /* Build configuration list for PBXNativeTarget "ContestTests" */;
			buildPhases = (
				E913E9C72DB4631300C4FFCA /* Sources */,
				E913E9C82DB4631300C4FFCA /* Frameworks */,
				E913E9C92DB4631300C4FFCA /* Resources */,
			);
			buildRules = (
			);
			dependencies = (
				E913E9CD2DB4631300C4FFCA /* PBXTargetDependency */,
			);
			fileSystemSynchronizedGroups = (
				E913E9CE2DB4631300C4FFCA /* ContestTests */,
			);
			name = ContestTests;
			packageProductDependencies = (
			);
			productName = ContestTests;
			productReference = E913E9CB2DB4631300C4FFCA /* ContestTests.xctest */;
			productType = "com.apple.product-type.bundle.unit-test";
		};
		E913E9D42DB4631300C4FFCA /* ContestUITests */ = {
			isa = PBXNativeTarget;
			buildConfigurationList = E913E9E62DB4631300C4FFCA /* Build configuration list for PBXNativeTarget "ContestUITests" */;
			buildPhases = (
				E913E9D12DB4631300C4FFCA /* Sources */,
				E913E9D22DB4631300C4FFCA /* Frameworks */,
				E913E9D32DB4631300C4FFCA /* Resources */,
			);
			buildRules = (
			);
			dependencies = (
				E913E9D72DB4631300C4FFCA /* PBXTargetDependency */,
			);
			fileSystemSynchronizedGroups = (
				E913E9D82DB4631300C4FFCA /* ContestUITests */,
			);
			name = ContestUITests;
			packageProductDependencies = (
			);
			productName = ContestUITests;
			productReference = E913E9D52DB4631300C4FFCA /* ContestUITests.xctest */;
			productType = "com.apple.product-type.bundle.ui-testing";
		};
/* End PBXNativeTarget section */

/* Begin PBXProject section */
		E913E9AD2DB4631100C4FFCA /* Project object */ = {
			isa = PBXProject;
			attributes = {
				BuildIndependentTargetsInParallel = 1;
				LastSwiftUpdateCheck = 1620;
				LastUpgradeCheck = 1620;
				TargetAttributes = {
					E913E9B42DB4631100C4FFCA = {
						CreatedOnToolsVersion = 16.2;
					};
					E913E9CA2DB4631300C4FFCA = {
						CreatedOnToolsVersion = 16.2;
						TestTargetID = E913E9B42DB4631100C4FFCA;
					};
					E913E9D42DB4631300C4FFCA = {
						CreatedOnToolsVersion = 16.2;
						TestTargetID = E913E9B42DB4631100C4FFCA;
					};
				};
			};
			buildConfigurationList = E913E9B02DB4631100C4FFCA /* Build configuration list for PBXProject "Contest" */;
			developmentRegion = en;
			hasScannedForEncodings = 0;
			knownRegions = (
				en,
				Base,
			);
			mainGroup = E913E9AC2DB4631100C4FFCA;
			minimizedProjectReferenceProxies = 1;
			preferredProjectObjectVersion = 77;
			productRefGroup = E913E9B62DB4631100C4FFCA /* Products */;
			projectDirPath = "";
			projectRoot = "";
			targets = (
				E913E9B42DB4631100C4FFCA /* Contest */,
				E913E9CA2DB4631300C4FFCA /* ContestTests */,
				E913E9D42DB4631300C4FFCA /* ContestUITests */,
			);
		};
/* End PBXProject section */

/* Begin PBXResourcesBuildPhase section */
		E913E9B32DB4631100C4FFCA /* Resources */ = {
			isa = PBXResourcesBuildPhase;
			buildActionMask = 2147483647;
			files = (
			);
			runOnlyForDeploymentPostprocessing = 0;
		};
		E913E9C92DB4631300C4FFCA /* Resources */ = {
			isa = PBXResourcesBuildPhase;
			buildActionMask = 2147483647;
			files = (
			);
			runOnlyForDeploymentPostprocessing = 0;
		};
		E913E9D32DB4631300C4FFCA /* Resources */ = {
			isa = PBXResourcesBuildPhase;
			buildActionMask = 2147483647;
			files = (
			);
			runOnlyForDeploymentPostprocessing = 0;
		};
/* End PBXResourcesBuildPhase section */

/* Begin PBXSourcesBuildPhase section */
		E913E9B12DB4631100C4FFCA /* Sources */ = {
			isa = PBXSourcesBuildPhase;
			buildActionMask = 2147483647;
			files = (
			);
			runOnlyForDeploymentPostprocessing = 0;
		};
		E913E9C72DB4631300C4FFCA /* Sources */ = {
			isa = PBXSourcesBuildPhase;
			buildActionMask = 2147483647;
			files = (
			);
			runOnlyForDeploymentPostprocessing = 0;
		};
		E913E9D12DB4631300C4FFCA /* Sources */ = {
			isa = PBXSourcesBuildPhase;
			buildActionMask = 2147483647;
			files = (
			);
			runOnlyForDeploymentPostprocessing = 0;
		};
/* End PBXSourcesBuildPhase section */

/* Begin PBXTargetDependency section */
		E913E9CD2DB4631300C4FFCA /* PBXTargetDependency */ = {
			isa = PBXTargetDependency;
			target = E913E9B42DB4631100C4FFCA /* Contest */;
			targetProxy = E913E9CC2DB4631300C4FFCA /* PBXContainerItemProxy */;
		};
		E913E9D72DB4631300C4FFCA /* PBXTargetDependency */ = {
			isa = PBXTargetDependency;
			target = E913E9B42DB4631100C4FFCA /* Contest */;
			targetProxy = E913E9D62DB4631300C4FFCA /* PBXContainerItemProxy */;
		};
/* End PBXTargetDependency section */

/* Begin XCBuildConfiguration section */
		E913E9DF2DB4631300C4FFCA /* Debug */ = {
			isa = XCBuildConfiguration;
			buildSettings = {
				ASSETCATALOG_COMPILER_APPICON_NAME = AppIcon;
				ASSETCATALOG_COMPILER_GLOBAL_ACCENT_COLOR_NAME = AccentColor;
				CODE_SIGN_STYLE = Automatic;
				CURRENT_PROJECT_VERSION = 1;
				DEVELOPMENT_TEAM = HUSSB9QG5P;
				GENERATE_INFOPLIST_FILE = YES;
				INFOPLIST_FILE = Contest/Info.plist;
				INFOPLIST_KEY_UIApplicationSupportsIndirectInputEvents = YES;
				INFOPLIST_KEY_UILaunchStoryboardName = LaunchScreen;
				INFOPLIST_KEY_UIMainStoryboardFile = Main;
				INFOPLIST_KEY_UISupportedInterfaceOrientations_iPad = "UIInterfaceOrientationPortrait UIInterfaceOrientationPortraitUpsideDown UIInterfaceOrientationLandscapeLeft UIInterfaceOrientationLandscapeRight";
				INFOPLIST_KEY_UISupportedInterfaceOrientations_iPhone = "UIInterfaceOrientationPortrait UIInterfaceOrientationLandscapeLeft UIInterfaceOrientationLandscapeRight";
				LD_RUNPATH_SEARCH_PATHS = (
					"$(inherited)",
					"@executable_path/Frameworks",
				);
				MARKETING_VERSION = 1.0;
				PRODUCT_BUNDLE_IDENTIFIER = ACC.Contest;
				PRODUCT_NAME = "$(TARGET_NAME)";
				SWIFT_EMIT_LOC_STRINGS = YES;
				SWIFT_VERSION = 5.0;
				TARGETED_DEVICE_FAMILY = "1,2";
			};
			name = Debug;
		};
		E913E9E02DB4631300C4FFCA /* Release */ = {
			isa = XCBuildConfiguration;
			buildSettings = {
				ASSETCATALOG_COMPILER_APPICON_NAME = AppIcon;
				ASSETCATALOG_COMPILER_GLOBAL_ACCENT_COLOR_NAME = AccentColor;
				CODE_SIGN_STYLE = Automatic;
				CURRENT_PROJECT_VERSION = 1;
				DEVELOPMENT_TEAM = HUSSB9QG5P;
				GENERATE_INFOPLIST_FILE = YES;
				INFOPLIST_FILE = Contest/Info.plist;
				INFOPLIST_KEY_UIApplicationSupportsIndirectInputEvents = YES;
				INFOPLIST_KEY_UILaunchStoryboardName = LaunchScreen;
				INFOPLIST_KEY_UIMainStoryboardFile = Main;
				INFOPLIST_KEY_UISupportedInterfaceOrientations_iPad = "UIInterfaceOrientationPortrait UIInterfaceOrientationPortraitUpsideDown UIInterfaceOrientationLandscapeLeft UIInterfaceOrientationLandscapeRight";
				INFOPLIST_KEY_UISupportedInterfaceOrientations_iPhone = "UIInterfaceOrientationPortrait UIInterfaceOrientationLandscapeLeft UIInterfaceOrientationLandscapeRight";
				LD_RUNPATH_SEARCH_PATHS = (
					"$(inherited)",
					"@executable_path/Frameworks",
				);
				MARKETING_VERSION = 1.0;
				PRODUCT_BUNDLE_IDENTIFIER = ACC.Contest;
				PRODUCT_NAME = "$(TARGET_NAME)";
				SWIFT_EMIT_LOC_STRINGS = YES;
				SWIFT_VERSION = 5.0;
				TARGETED_DEVICE_FAMILY = "1,2";
			};
			name = Release;
		};
		E913E9E12DB4631300C4FFCA /* Debug */ = {
			isa = XCBuildConfiguration;
			buildSettings = {
				ALWAYS_SEARCH_USER_PATHS = NO;
				ASSETCATALOG_COMPILER_GENERATE_SWIFT_ASSET_SYMBOL_EXTENSIONS = YES;
				CLANG_ANALYZER_NONNULL = YES;
				CLANG_ANALYZER_NUMBER_OBJECT_CONVERSION = YES_AGGRESSIVE;
				CLANG_CXX_LANGUAGE_STANDARD = "gnu++20";
				CLANG_ENABLE_MODULES = YES;
				CLANG_ENABLE_OBJC_ARC = YES;
				CLANG_ENABLE_OBJC_WEAK = YES;
				CLANG_WARN_BLOCK_CAPTURE_AUTORELEASING = YES;
				CLANG_WARN_BOOL_CONVERSION = YES;
				CLANG_WARN_COMMA = YES;
				CLANG_WARN_CONSTANT_CONVERSION = YES;
				CLANG_WARN_DEPRECATED_OBJC_IMPLEMENTATIONS = YES;
				CLANG_WARN_DIRECT_OBJC_ISA_USAGE = YES_ERROR;
				CLANG_WARN_DOCUMENTATION_COMMENTS = YES;
				CLANG_WARN_EMPTY_BODY = YES;
				CLANG_WARN_ENUM_CONVERSION = YES;
				CLANG_WARN_INFINITE_RECURSION = YES;
				CLANG_WARN_INT_CONVERSION = YES;
				CLANG_WARN_NON_LITERAL_NULL_CONVERSION = YES;
				CLANG_WARN_OBJC_IMPLICIT_RETAIN_SELF = YES;
				CLANG_WARN_OBJC_LITERAL_CONVERSION = YES;
				CLANG_WARN_OBJC_ROOT_CLASS = YES_ERROR;
				CLANG_WARN_QUOTED_INCLUDE_IN_FRAMEWORK_HEADER = YES;
				CLANG_WARN_RANGE_LOOP_ANALYSIS = YES;
				CLANG_WARN_STRICT_PROTOTYPES = YES;
				CLANG_WARN_SUSPICIOUS_MOVE = YES;
				CLANG_WARN_UNGUARDED_AVAILABILITY = YES_AGGRESSIVE;
				CLANG_WARN_UNREACHABLE_CODE = YES;
				CLANG_WARN__DUPLICATE_METHOD_MATCH = YES;
				COPY_PHASE_STRIP = NO;
				DEBUG_INFORMATION_FORMAT = dwarf;
				ENABLE_STRICT_OBJC_MSGSEND = YES;
				ENABLE_TESTABILITY = YES;
				ENABLE_USER_SCRIPT_SANDBOXING = YES;
				GCC_C_LANGUAGE_STANDARD = gnu17;
				GCC_DYNAMIC_NO_PIC = NO;
				GCC_NO_COMMON_BLOCKS = YES;
				GCC_OPTIMIZATION_LEVEL = 0;
				GCC_PREPROCESSOR_DEFINITIONS = (
					"DEBUG=1",
					"$(inherited)",
				);
				GCC_WARN_64_TO_32_BIT_CONVERSION = YES;
				GCC_WARN_ABOUT_RETURN_TYPE = YES_ERROR;
				GCC_WARN_UNDECLARED_SELECTOR = YES;
				GCC_WARN_UNINITIALIZED_AUTOS = YES_AGGRESSIVE;
				GCC_WARN_UNUSED_FUNCTION = YES;
				GCC_WARN_UNUSED_VARIABLE = YES;
				IPHONEOS_DEPLOYMENT_TARGET = 18.2;
				LOCALIZATION_PREFERS_STRING_CATALOGS = YES;
				MTL_ENABLE_DEBUG_INFO = INCLUDE_SOURCE;
				MTL_FAST_MATH = YES;
				ONLY_ACTIVE_ARCH = YES;
				SDKROOT = iphoneos;
				SWIFT_ACTIVE_COMPILATION_CONDITIONS = "DEBUG $(inherited)";
				SWIFT_OPTIMIZATION_LEVEL = "-Onone";
			};
			name = Debug;
		};
		E913E9E22DB4631300C4FFCA /* Release */ = {
			isa = XCBuildConfiguration;
			buildSettings = {
				ALWAYS_SEARCH_USER_PATHS = NO;
				ASSETCATALOG_COMPILER_GENERATE_SWIFT_ASSET_SYMBOL_EXTENSIONS = YES;
				CLANG_ANALYZER_NONNULL = YES;
				CLANG_ANALYZER_NUMBER_OBJECT_CONVERSION = YES_AGGRESSIVE;
				CLANG_CXX_LANGUAGE_STANDARD = "gnu++20";
				CLANG_ENABLE_MODULES = YES;
				CLANG_ENABLE_OBJC_ARC = YES;
				CLANG_ENABLE_OBJC_WEAK = YES;
				CLANG_WARN_BLOCK_CAPTURE_AUTORELEASING = YES;
				CLANG_WARN_BOOL_CONVERSION = YES;
				CLANG_WARN_COMMA = YES;
				CLANG_WARN_CONSTANT_CONVERSION = YES;
				CLANG_WARN_DEPRECATED_OBJC_IMPLEMENTATIONS = YES;
				CLANG_WARN_DIRECT_OBJC_ISA_USAGE = YES_ERROR;
				CLANG_WARN_DOCUMENTATION_COMMENTS = YES;
				CLANG_WARN_EMPTY_BODY = YES;
				CLANG_WARN_ENUM_CONVERSION = YES;
				CLANG_WARN_INFINITE_RECURSION = YES;
				CLANG_WARN_INT_CONVERSION = YES;
				CLANG_WARN_NON_LITERAL_NULL_CONVERSION = YES;
				CLANG_WARN_OBJC_IMPLICIT_RETAIN_SELF = YES;
				CLANG_WARN_OBJC_LITERAL_CONVERSION = YES;
				CLANG_WARN_OBJC_ROOT_CLASS = YES_ERROR;
				CLANG_WARN_QUOTED_INCLUDE_IN_FRAMEWORK_HEADER = YES;
				CLANG_WARN_RANGE_LOOP_ANALYSIS = YES;
				CLANG_WARN_STRICT_PROTOTYPES = YES;
				CLANG_WARN_SUSPICIOUS_MOVE = YES;
				CLANG_WARN_UNGUARDED_AVAILABILITY = YES_AGGRESSIVE;
				CLANG_WARN_UNREACHABLE_CODE = YES;
				CLANG_WARN__DUPLICATE_METHOD_MATCH = YES;
				COPY_PHASE_STRIP = NO;
				DEBUG_INFORMATION_FORMAT = "dwarf-with-dsym";
				ENABLE_NS_ASSERTIONS = NO;
				ENABLE_STRICT_OBJC_MSGSEND = YES;
				ENABLE_USER_SCRIPT_SANDBOXING = YES;
				GCC_C_LANGUAGE_STANDARD = gnu17;
				GCC_NO_COMMON_BLOCKS = YES;
				GCC_WARN_64_TO_32_BIT_CONVERSION = YES;
				GCC_WARN_ABOUT_RETURN_TYPE = YES_ERROR;
				GCC_WARN_UNDECLARED_SELECTOR = YES;
				GCC_WARN_UNINITIALIZED_AUTOS = YES_AGGRESSIVE;
				GCC_WARN_UNUSED_FUNCTION = YES;
				GCC_WARN_UNUSED_VARIABLE = YES;
				IPHONEOS_DEPLOYMENT_TARGET = 18.2;
				LOCALIZATION_PREFERS_STRING_CATALOGS = YES;
				MTL_ENABLE_DEBUG_INFO = NO;
				MTL_FAST_MATH = YES;
				SDKROOT = iphoneos;
				SWIFT_COMPILATION_MODE = wholemodule;
				VALIDATE_PRODUCT = YES;
			};
			name = Release;
		};
		E913E9E42DB4631300C4FFCA /* Debug */ = {
			isa = XCBuildConfiguration;
			buildSettings = {
				BUNDLE_LOADER = "$(TEST_HOST)";
				CODE_SIGN_STYLE = Automatic;
				CURRENT_PROJECT_VERSION = 1;
				DEVELOPMENT_TEAM = HUSSB9QG5P;
				GENERATE_INFOPLIST_FILE = YES;
				IPHONEOS_DEPLOYMENT_TARGET = 18.2;
				MARKETING_VERSION = 1.0;
				PRODUCT_BUNDLE_IDENTIFIER = ACC.ContestTests;
				PRODUCT_NAME = "$(TARGET_NAME)";
				SWIFT_EMIT_LOC_STRINGS = NO;
				SWIFT_VERSION = 5.0;
				TARGETED_DEVICE_FAMILY = "1,2";
				TEST_HOST = "$(BUILT_PRODUCTS_DIR)/Contest.app/$(BUNDLE_EXECUTABLE_FOLDER_PATH)/Contest";
			};
			name = Debug;
		};
		E913E9E52DB4631300C4FFCA /* Release */ = {
			isa = XCBuildConfiguration;
			buildSettings = {
				BUNDLE_LOADER = "$(TEST_HOST)";
				CODE_SIGN_STYLE = Automatic;
				CURRENT_PROJECT_VERSION = 1;
				DEVELOPMENT_TEAM = HUSSB9QG5P;
				GENERATE_INFOPLIST_FILE = YES;
				IPHONEOS_DEPLOYMENT_TARGET = 18.2;
				MARKETING_VERSION = 1.0;
				PRODUCT_BUNDLE_IDENTIFIER = ACC.ContestTests;
				PRODUCT_NAME = "$(TARGET_NAME)";
				SWIFT_EMIT_LOC_STRINGS = NO;
				SWIFT_VERSION = 5.0;
				TARGETED_DEVICE_FAMILY = "1,2";
				TEST_HOST = "$(BUILT_PRODUCTS_DIR)/Contest.app/$(BUNDLE_EXECUTABLE_FOLDER_PATH)/Contest";
			};
			name = Release;
		};
		E913E9E72DB4631300C4FFCA /* Debug */ = {
			isa = XCBuildConfiguration;
			buildSettings = {
				CODE_SIGN_STYLE = Automatic;
				CURRENT_PROJECT_VERSION = 1;
				DEVELOPMENT_TEAM = HUSSB9QG5P;
				GENERATE_INFOPLIST_FILE = YES;
				MARKETING_VERSION = 1.0;
				PRODUCT_BUNDLE_IDENTIFIER = ACC.ContestUITests;
				PRODUCT_NAME = "$(TARGET_NAME)";
				SWIFT_EMIT_LOC_STRINGS = NO;
				SWIFT_VERSION = 5.0;
				TARGETED_DEVICE_FAMILY = "1,2";
				TEST_TARGET_NAME = Contest;
			};
			name = Debug;
		};
		E913E9E82DB4631300C4FFCA /* Release */ = {
			isa = XCBuildConfiguration;
			buildSettings = {
				CODE_SIGN_STYLE = Automatic;
				CURRENT_PROJECT_VERSION = 1;
				DEVELOPMENT_TEAM = HUSSB9QG5P;
				GENERATE_INFOPLIST_FILE = YES;
				MARKETING_VERSION = 1.0;
				PRODUCT_BUNDLE_IDENTIFIER = ACC.ContestUITests;
				PRODUCT_NAME = "$(TARGET_NAME)";
				SWIFT_EMIT_LOC_STRINGS = NO;
				SWIFT_VERSION = 5.0;
				TARGETED_DEVICE_FAMILY = "1,2";
				TEST_TARGET_NAME = Contest;
			};
			name = Release;
		};
/* End XCBuildConfiguration section */

/* Begin XCConfigurationList section */
		E913E9B02DB4631100C4FFCA /* Build configuration list for PBXProject "Contest" */ = {
			isa = XCConfigurationList;
			buildConfigurations = (
				E913E9E12DB4631300C4FFCA /* Debug */,
				E913E9E22DB4631300C4FFCA /* Release */,
			);
			defaultConfigurationIsVisible = 0;
			defaultConfigurationName = Release;
		};
		E913E9DE2DB4631300C4FFCA /* Build configuration list for PBXNativeTarget "Contest" */ = {
			isa = XCConfigurationList;
			buildConfigurations = (
				E913E9DF2DB4631300C4FFCA /* Debug */,
				E913E9E02DB4631300C4FFCA /* Release */,
			);
			defaultConfigurationIsVisible = 0;
			defaultConfigurationName = Release;
		};
		E913E9E32DB4631300C4FFCA /* Build configuration list for PBXNativeTarget "ContestTests" */ = {
			isa = XCConfigurationList;
			buildConfigurations = (
				E913E9E42DB4631300C4FFCA /* Debug */,
				E913E9E52DB4631300C4FFCA /* Release */,
			);
			defaultConfigurationIsVisible = 0;
			defaultConfigurationName = Release;
		};
		E913E9E62DB4631300C4FFCA /* Build configuration list for PBXNativeTarget "ContestUITests" */ = {
			isa = XCConfigurationList;
			buildConfigurations = (
				E913E9E72DB4631300C4FFCA /* Debug */,
				E913E9E82DB4631300C4FFCA /* Release */,
			);
			defaultConfigurationIsVisible = 0;
			defaultConfigurationName = Release;
		};
/* End XCConfigurationList section */
	};
	rootObject = E913E9AD2DB4631100C4FFCA /* Project object */;
}
